
Microsoft Visual Studio Solution File, Format Version 11.00
# Visual Studio 2010
# SharpDevelop 4.4
Project("{FD48973F-F585-4F70-812B-4D0503B36CE9}") = "Prog186", "Prog186\Prog186.pyproj", "{C918F1A6-7C55-44E4-8189-846C790B8683}"
EndProject
Global
	GlobalSection(SolutionConfigurationPlatforms) = preSolution
		Debug|Any CPU = Debug|Any CPU
		Release|Any CPU = Release|Any CPU
	EndGlobalSection
	GlobalSection(ProjectConfigurationPlatforms) = postSolution
		{C918F1A6-7C55-44E4-8189-846C790B8683}.Debug|Any CPU.Build.0 = Debug|Any CPU
		{C918F1A6-7C55-44E4-8189-846C790B8683}.Debug|Any CPU.ActiveCfg = Debug|Any CPU
		{C918F1A6-7C55-44E4-8189-846C790B8683}.Release|Any CPU.Build.0 = Release|Any CPU
		{C918F1A6-7C55-44E4-8189-846C790B8683}.Release|Any CPU.ActiveCfg = Release|Any CPU
	EndGlobalSection
EndGlobal
