
Microsoft Visual Studio Solution File, Format Version 11.00
# Visual Studio 2010
# SharpDevelop 4.4
Project("{FD48973F-F585-4F70-812B-4D0503B36CE9}") = "Favorite Quote", "Favorite Quote\Favorite Quote.pyproj", "{1EE87E5D-FBEB-41C7-9564-0002328F9447}"
EndProject
Global
	GlobalSection(SolutionConfigurationPlatforms) = preSolution
		Debug|Any CPU = Debug|Any CPU
		Release|Any CPU = Release|Any CPU
	EndGlobalSection
	GlobalSection(ProjectConfigurationPlatforms) = postSolution
		{1EE87E5D-FBEB-41C7-9564-0002328F9447}.Debug|Any CPU.Build.0 = Debug|Any CPU
		{1EE87E5D-FBEB-41C7-9564-0002328F9447}.Debug|Any CPU.ActiveCfg = Debug|Any CPU
		{1EE87E5D-FBEB-41C7-9564-0002328F9447}.Release|Any CPU.Build.0 = Release|Any CPU
		{1EE87E5D-FBEB-41C7-9564-0002328F9447}.Release|Any CPU.ActiveCfg = Release|Any CPU
	EndGlobalSection
EndGlobal
