
Microsoft Visual Studio Solution File, Format Version 11.00
# Visual Studio 2010
# SharpDevelop 4.4
Project("{FD48973F-F585-4F70-812B-4D0503B36CE9}") = "Prog54c", "Prog54c\Prog54c.pyproj", "{BF562088-6BC5-4514-8D4E-A50F1588D69D}"
EndProject
Global
	GlobalSection(SolutionConfigurationPlatforms) = preSolution
		Debug|Any CPU = Debug|Any CPU
		Release|Any CPU = Release|Any CPU
	EndGlobalSection
	GlobalSection(ProjectConfigurationPlatforms) = postSolution
		{BF562088-6BC5-4514-8D4E-A50F1588D69D}.Debug|Any CPU.Build.0 = Debug|Any CPU
		{BF562088-6BC5-4514-8D4E-A50F1588D69D}.Debug|Any CPU.ActiveCfg = Debug|Any CPU
		{BF562088-6BC5-4514-8D4E-A50F1588D69D}.Release|Any CPU.Build.0 = Release|Any CPU
		{BF562088-6BC5-4514-8D4E-A50F1588D69D}.Release|Any CPU.ActiveCfg = Release|Any CPU
	EndGlobalSection
EndGlobal
