
Microsoft Visual Studio Solution File, Format Version 11.00
# Visual Studio 2010
# SharpDevelop 4.4
Project("{FD48973F-F585-4F70-812B-4D0503B36CE9}") = "Prog122c", "Prog122c\Prog122c.pyproj", "{D1EF65AB-08BC-44DE-8D72-2558AF69F215}"
EndProject
Global
	GlobalSection(SolutionConfigurationPlatforms) = preSolution
		Debug|Any CPU = Debug|Any CPU
		Release|Any CPU = Release|Any CPU
	EndGlobalSection
	GlobalSection(ProjectConfigurationPlatforms) = postSolution
		{D1EF65AB-08BC-44DE-8D72-2558AF69F215}.Debug|Any CPU.Build.0 = Debug|Any CPU
		{D1EF65AB-08BC-44DE-8D72-2558AF69F215}.Debug|Any CPU.ActiveCfg = Debug|Any CPU
		{D1EF65AB-08BC-44DE-8D72-2558AF69F215}.Release|Any CPU.Build.0 = Release|Any CPU
		{D1EF65AB-08BC-44DE-8D72-2558AF69F215}.Release|Any CPU.ActiveCfg = Release|Any CPU
	EndGlobalSection
EndGlobal
