
Microsoft Visual Studio Solution File, Format Version 11.00
# Visual Studio 2010
# SharpDevelop 4.4
Project("{FD48973F-F585-4F70-812B-4D0503B36CE9}") = "My Schedule", "My Schedule\My Schedule.pyproj", "{90A1BC44-61C6-470F-8052-B7801017414D}"
EndProject
Global
	GlobalSection(SolutionConfigurationPlatforms) = preSolution
		Debug|Any CPU = Debug|Any CPU
		Release|Any CPU = Release|Any CPU
	EndGlobalSection
	GlobalSection(ProjectConfigurationPlatforms) = postSolution
		{90A1BC44-61C6-470F-8052-B7801017414D}.Debug|Any CPU.Build.0 = Debug|Any CPU
		{90A1BC44-61C6-470F-8052-B7801017414D}.Debug|Any CPU.ActiveCfg = Debug|Any CPU
		{90A1BC44-61C6-470F-8052-B7801017414D}.Release|Any CPU.Build.0 = Release|Any CPU
		{90A1BC44-61C6-470F-8052-B7801017414D}.Release|Any CPU.ActiveCfg = Release|Any CPU
	EndGlobalSection
EndGlobal
