
Microsoft Visual Studio Solution File, Format Version 11.00
# Visual Studio 2010
# SharpDevelop 4.4
Project("{FD48973F-F585-4F70-812B-4D0503B36CE9}") = "Phone Numbers", "Phone Numbers\Phone Numbers.pyproj", "{9818FB56-446C-4196-8A12-F8F2535BD422}"
EndProject
Global
	GlobalSection(SolutionConfigurationPlatforms) = preSolution
		Debug|Any CPU = Debug|Any CPU
		Release|Any CPU = Release|Any CPU
	EndGlobalSection
	GlobalSection(ProjectConfigurationPlatforms) = postSolution
		{9818FB56-446C-4196-8A12-F8F2535BD422}.Debug|Any CPU.Build.0 = Debug|Any CPU
		{9818FB56-446C-4196-8A12-F8F2535BD422}.Debug|Any CPU.ActiveCfg = Debug|Any CPU
		{9818FB56-446C-4196-8A12-F8F2535BD422}.Release|Any CPU.Build.0 = Release|Any CPU
		{9818FB56-446C-4196-8A12-F8F2535BD422}.Release|Any CPU.ActiveCfg = Release|Any CPU
	EndGlobalSection
EndGlobal
